{
  "name": "trpc",
  "version": "1.0.0",
  "lockfileVersion": 3,
  "requires": true,
  "packages": {
    "": {
      "name": "trpc",
      "version": "1.0.0",
      "license": "ISC",
      "dependencies": {
        "@trpc/client": "^10.43.1",
        "@trpc/server": "^10.43.1",
        "zod": "^3.22.4"
      }
    },
    "node_modules/@trpc/client": {
      "version": "10.43.1",
      "resolved": "https://registry.npmjs.org/@trpc/client/-/client-10.43.1.tgz",
      "integrity": "sha512-pkPtbDS0ck/2WZo2cWaPV11NFMII2I/nzse1Ggs5Cr0YczsZk3Z0DM77Sfb9FTSjmccYfkEtumHqxfTj6fRbbg==",
      "funding": [
        "https://trpc.io/sponsor"
      ],
      "peerDependencies": {
        "@trpc/server": "10.43.1"
      }
    },
    "node_modules/@trpc/server": {
      "version": "10.43.1",
      "resolved": "https://registry.npmjs.org/@trpc/server/-/server-10.43.1.tgz",
      "integrity": "sha512-rKOSCpJOb1MdTyJFqdf3QNNESDfPkbP+yBOZBM2x6iIOS4VlCfJqxsaSrb3uLPR6s8Ni7DhTu+cu/q1r0xOGcw==",
      "funding": [
        "https://trpc.io/sponsor"
      ],
      "engines": {
        "node": ">=18.0.0"
      }
    },
    "node_modules/zod": {
      "version": "3.22.4",
      "resolved": "https://registry.npmjs.org/zod/-/zod-3.22.4.tgz",
      "integrity": "sha512-iC+8Io04lddc+mVqQ9AZ7OQ2MrUKGN+oIQyq1vemgt46jwCwLfhq7/pwnBnNXXXZb8VTVLKwp9EDkx+ryxIWmg==",
      "funding": {
        "url": "https://github.com/sponsors/colinhacks"
      }
    }
  }
}
